// !$*UTF8*$!
{
	archiveVersion = 1;
	classes = {
	};
	objectVersion = 50;
	objects = {

/* Begin PBXBuildFile section */
		3120E942238D3FB900E7CF75 /* AppDelegate.swift in Sources */ = {isa = PBXBuildFile; fileRef = 3120E941238D3FB900E7CF75 /* AppDelegate.swift */; };
		3120E944238D3FB900E7CF75 /* ViewController.swift in Sources */ = {isa = PBXBuildFile; fileRef = 3120E943238D3FB900E7CF75 /* ViewController.swift */; };
		3120E947238D3FB900E7CF75 /* Main.storyboard in Resources */ = {isa = PBXBuildFile; fileRef = 3120E945238D3FB900E7CF75 /* Main.storyboard */; };
		3120E949238D3FC000E7CF75 /* Assets.xcassets in Resources */ = {isa = PBXBuildFile; fileRef = 3120E948238D3FC000E7CF75 /* Assets.xcassets */; };
		3120E94C238D3FC000E7CF75 /* LaunchScreen.storyboard in Resources */ = {isa = PBXBuildFile; fileRef = 3120E94A238D3FC000E7CF75 /* LaunchScreen.storyboard */; };
		3120E957238D3FC000E7CF75 /* AVKitPlayerTests.swift in Sources */ = {isa = PBXBuildFile; fileRef = 3120E956238D3FC000E7CF75 /* AVKitPlayerTests.swift */; };
		3120E962238D3FC000E7CF75 /* AVKitPlayerUITests.swift in Sources */ = {isa = PBXBuildFile; fileRef = 3120E961238D3FC000E7CF75 /* AVKitPlayerUITests.swift */; };
/* End PBXBuildFile section */

/* Begin PBXContainerItemProxy section */
		3120E953238D3FC000E7CF75 /* PBXContainerItemProxy */ = {
			isa = PBXContainerItemProxy;
			containerPortal = 3120E936238D3FB900E7CF75 /* Project object */;
			proxyType = 1;
			remoteGlobalIDString = 3120E93D238D3FB900E7CF75;
			remoteInfo = AVKitPlayer;
		};
		3120E95E238D3FC000E7CF75 /* PBXContainerItemProxy */ = {
			isa = PBXContainerItemProxy;
			containerPortal = 3120E936238D3FB900E7CF75 /* Project object */;
			proxyType = 1;
			remoteGlobalIDString = 3120E93D238D3FB900E7CF75;
			remoteInfo = AVKitPlayer;
		};
/* End PBXContainerItemProxy section */

/* Begin PBXFileReference section */
		3120E93E238D3FB900E7CF75 /* AVKitPlayer.app */ = {isa = PBXFileReference; explicitFileType = wrapper.application; includeInIndex = 0; path = AVKitPlayer.app; sourceTree = BUILT_PRODUCTS_DIR; };
		3120E941238D3FB900E7CF75 /* AppDelegate.swift */ = {isa = PBXFileReference; lastKnownFileType = sourcecode.swift; path = AppDelegate.swift; sourceTree = "<group>"; };
		3120E943238D3FB900E7CF75 /* ViewController.swift */ = {isa = PBXFileReference; lastKnownFileType = sourcecode.swift; path = ViewController.swift; sourceTree = "<group>"; };
		3120E946238D3FB900E7CF75 /* Base */ = {isa = PBXFileReference; lastKnownFileType = file.storyboard; name = Base; path = Base.lproj/Main.storyboard; sourceTree = "<group>"; };
		3120E948238D3FC000E7CF75 /* Assets.xcassets */ = {isa = PBXFileReference; lastKnownFileType = folder.assetcatalog; path = Assets.xcassets; sourceTree = "<group>"; };
		3120E94B238D3FC000E7CF75 /* Base */ = {isa = PBXFileReference; lastKnownFileType = file.storyboard; name = Base; path = Base.lproj/LaunchScreen.storyboard; sourceTree = "<group>"; };
		3120E94D238D3FC000E7CF75 /* Info.plist */ = {isa = PBXFileReference; lastKnownFileType = text.plist.xml; path = Info.plist; sourceTree = "<group>"; };
		3120E952238D3FC000E7CF75 /* AVKitPlayerTests.xctest */ = {isa = PBXFileReference; explicitFileType = wrapper.cfbundle; includeInIndex = 0; path = AVKitPlayerTests.xctest; sourceTree = BUILT_PRODUCTS_DIR; };
		3120E956238D3FC000E7CF75 /* AVKitPlayerTests.swift */ = {isa = PBXFileReference; lastKnownFileType = sourcecode.swift; path = AVKitPlayerTests.swift; sourceTree = "<group>"; };
		3120E958238D3FC000E7CF75 /* Info.plist */ = {isa = PBXFileReference; lastKnownFileType = text.plist.xml; path = Info.plist; sourceTree = "<group>"; };
		3120E95D238D3FC000E7CF75 /* AVKitPlayerUITests.xctest */ = {isa = PBXFileReference; explicitFileType = wrapper.cfbundle; includeInIndex = 0; path = AVKitPlayerUITests.xctest; sourceTree = BUILT_PRODUCTS_DIR; };
		3120E961238D3FC000E7CF75 /* AVKitPlayerUITests.swift */ = {isa = PBXFileReference; lastKnownFileType = sourcecode.swift; path = AVKitPlayerUITests.swift; sourceTree = "<group>"; };
		3120E963238D3FC000E7CF75 /* Info.plist */ = {isa = PBXFileReference; lastKnownFileType = text.plist.xml; path = Info.plist; sourceTree = "<group>"; };
/* End PBXFileReference section */

/* Begin PBXFrameworksBuildPhase section */
		3120E93B238D3FB900E7CF75 /* Frameworks */ = {
			isa = PBXFrameworksBuildPhase;
			buildActionMask = 2147483647;
			files = (
			);
			runOnlyForDeploymentPostprocessing = 0;
		};
		3120E94F238D3FC000E7CF75 /* Frameworks */ = {
			isa = PBXFrameworksBuildPhase;
			buildActionMask = 2147483647;
			files = (
			);
			runOnlyForDeploymentPostprocessing = 0;
		};
		3120E95A238D3FC000E7CF75 /* Frameworks */ = {
			isa = PBXFrameworksBuildPhase;
			buildActionMask = 2147483647;
			files = (
			);
			runOnlyForDeploymentPostprocessing = 0;
		};
/* End PBXFrameworksBuildPhase section */

/* Begin PBXGroup section */
		3120E935238D3FB900E7CF75 = {
			isa = PBXGroup;
			children = (
				3120E940238D3FB900E7CF75 /* AVKitPlayer */,
				3120E955238D3FC000E7CF75 /* AVKitPlayerTests */,
				3120E960238D3FC000E7CF75 /* AVKitPlayerUITests */,
				3120E93F238D3FB900E7CF75 /* Products */,
			);
			sourceTree = "<group>";
		};
		3120E93F238D3FB900E7CF75 /* Products */ = {
			isa = PBXGroup;
			children = (
				3120E93E238D3FB900E7CF75 /* AVKitPlayer.app */,
				3120E952238D3FC000E7CF75 /* AVKitPlayerTests.xctest */,
				3120E95D238D3FC000E7CF75 /* AVKitPlayerUITests.xctest */,
			);
			name = Products;
			sourceTree = "<group>";
		};
		3120E940238D3FB900E7CF75 /* AVKitPlayer */ = {
			isa = PBXGroup;
			children = (
				3120E941238D3FB900E7CF75 /* AppDelegate.swift */,
				3120E943238D3FB900E7CF75 /* ViewController.swift */,
				3120E945238D3FB900E7CF75 /* Main.storyboard */,
				3120E948238D3FC000E7CF75 /* Assets.xcassets */,
				3120E94A238D3FC000E7CF75 /* LaunchScreen.storyboard */,
				3120E94D238D3FC000E7CF75 /* Info.plist */,
			);
			path = AVKitPlayer;
			sourceTree = "<group>";
		};
		3120E955238D3FC000E7CF75 /* AVKitPlayerTests */ = {
			isa = PBXGroup;
			children = (
				3120E956238D3FC000E7CF75 /* AVKitPlayerTests.swift */,
				3120E958238D3FC000E7CF75 /* Info.plist */,
			);
			path = AVKitPlayerTests;
			sourceTree = "<group>";
		};
		3120E960238D3FC000E7CF75 /* AVKitPlayerUITests */ = {
			isa = PBXGroup;
			children = (
				3120E961238D3FC000E7CF75 /* AVKitPlayerUITests.swift */,
				3120E963238D3FC000E7CF75 /* Info.plist */,
			);
			path = AVKitPlayerUITests;
			sourceTree = "<group>";
		};
/* End PBXGroup section */

/* Begin PBXNativeTarget section */
		3120E93D238D3FB900E7CF75 /* AVKitPlayer */ = {
			isa = PBXNativeTarget;
			buildConfigurationList = 3120E966238D3FC000E7CF75 /* Build configuration list for PBXNativeTarget "AVKitPlayer" */;
			buildPhases = (
				3120E93A238D3FB900E7CF75 /* Sources */,
				3120E93B238D3FB900E7CF75 /* Frameworks */,
				3120E93C238D3FB900E7CF75 /* Resources */,
			);
			buildRules = (
			);
			dependencies = (
			);
			name = AVKitPlayer;
			productName = AVKitPlayer;
			productReference = 3120E93E238D3FB900E7CF75 /* AVKitPlayer.app */;
			productType = "com.apple.product-type.application";
		};
		3120E951238D3FC000E7CF75 /* AVKitPlayerTests */ = {
			isa = PBXNativeTarget;
			buildConfigurationList = 3120E969238D3FC000E7CF75 /* Build configuration list for PBXNativeTarget "AVKitPlayerTests" */;
			buildPhases = (
				3120E94E238D3FC000E7CF75 /* Sources */,
				3120E94F238D3FC000E7CF75 /* Frameworks */,
				3120E950238D3FC000E7CF75 /* Resources */,
			);
			buildRules = (
			);
			dependencies = (
				3120E954238D3FC000E7CF75 /* PBXTargetDependency */,
			);
			name = AVKitPlayerTests;
			productName = AVKitPlayerTests;
			productReference = 3120E952238D3FC000E7CF75 /* AVKitPlayerTests.xctest */;
			productType = "com.apple.product-type.bundle.unit-test";
		};
		3120E95C238D3FC000E7CF75 /* AVKitPlayerUITests */ = {
			isa = PBXNativeTarget;
			buildConfigurationList = 3120E96C238D3FC000E7CF75 /* Build configuration list for PBXNativeTarget "AVKitPlayerUITests" */;
			buildPhases = (
				3120E959238D3FC000E7CF75 /* Sources */,
				3120E95A238D3FC000E7CF75 /* Frameworks */,
				3120E95B238D3FC000E7CF75 /* Resources */,
			);
			buildRules = (
			);
			dependencies = (
				3120E95F238D3FC000E7CF75 /* PBXTargetDependency */,
			);
			name = AVKitPlayerUITests;
			productName = AVKitPlayerUITests;
			productReference = 3120E95D238D3FC000E7CF75 /* AVKitPlayerUITests.xctest */;
			productType = "com.apple.product-type.bundle.ui-testing";
		};
/* End PBXNativeTarget section */

/* Begin PBXProject section */
		3120E936238D3FB900E7CF75 /* Project object */ = {
			isa = PBXProject;
			attributes = {
				LastSwiftUpdateCheck = 1010;
				LastUpgradeCheck = 1010;
				ORGANIZATIONNAME = "R Shantha Kumar";
				TargetAttributes = {
					3120E93D238D3FB900E7CF75 = {
						CreatedOnToolsVersion = 10.1;
					};
					3120E951238D3FC000E7CF75 = {
						CreatedOnToolsVersion = 10.1;
						TestTargetID = 3120E93D238D3FB900E7CF75;
					};
					3120E95C238D3FC000E7CF75 = {
						CreatedOnToolsVersion = 10.1;
						TestTargetID = 3120E93D238D3FB900E7CF75;
					};
				};
			};
			buildConfigurationList = 3120E939238D3FB900E7CF75 /* Build configuration list for PBXProject "AVKitPlayer" */;
			compatibilityVersion = "Xcode 9.3";
			developmentRegion = en;
			hasScannedForEncodings = 0;
			knownRegions = (
				en,
				Base,
			);
			mainGroup = 3120E935238D3FB900E7CF75;
			productRefGroup = 3120E93F238D3FB900E7CF75 /* Products */;
			projectDirPath = "";
			projectRoot = "";
			targets = (
				3120E93D238D3FB900E7CF75 /* AVKitPlayer */,
				3120E951238D3FC000E7CF75 /* AVKitPlayerTests */,
				3120E95C238D3FC000E7CF75 /* AVKitPlayerUITests */,
			);
		};
/* End PBXProject section */

/* Begin PBXResourcesBuildPhase section */
		3120E93C238D3FB900E7CF75 /* Resources */ = {
			isa = PBXResourcesBuildPhase;
			buildActionMask = 2147483647;
			files = (
				3120E94C238D3FC000E7CF75 /* LaunchScreen.storyboard in Resources */,
				3120E949238D3FC000E7CF75 /* Assets.xcassets in Resources */,
				3120E947238D3FB900E7CF75 /* Main.storyboard in Resources */,
			);
			runOnlyForDeploymentPostprocessing = 0;
		};
		3120E950238D3FC000E7CF75 /* Resources */ = {
			isa = PBXResourcesBuildPhase;
			buildActionMask = 2147483647;
			files = (
			);
			runOnlyForDeploymentPostprocessing = 0;
		};
		3120E95B238D3FC000E7CF75 /* Resources */ = {
			isa = PBXResourcesBuildPhase;
			buildActionMask = 2147483647;
			files = (
			);
			runOnlyForDeploymentPostprocessing = 0;
		};
/* End PBXResourcesBuildPhase section */

/* Begin PBXSourcesBuildPhase section */
		3120E93A238D3FB900E7CF75 /* Sources */ = {
			isa = PBXSourcesBuildPhase;
			buildActionMask = 2147483647;
			files = (
				3120E944238D3FB900E7CF75 /* ViewController.swift in Sources */,
				3120E942238D3FB900E7CF75 /* AppDelegate.swift in Sources */,
			);
			runOnlyForDeploymentPostprocessing = 0;
		};
		3120E94E238D3FC000E7CF75 /* Sources */ = {
			isa = PBXSourcesBuildPhase;
			buildActionMask = 2147483647;
			files = (
				3120E957238D3FC000E7CF75 /* AVKitPlayerTests.swift in Sources */,
			);
			runOnlyForDeploymentPostprocessing = 0;
		};
		3120E959238D3FC000E7CF75 /* Sources */ = {
			isa = PBXSourcesBuildPhase;
			buildActionMask = 2147483647;
			files = (
				3120E962238D3FC000E7CF75 /* AVKitPlayerUITests.swift in Sources */,
			);
			runOnlyForDeploymentPostprocessing = 0;
		};
/* End PBXSourcesBuildPhase section */

/* Begin PBXTargetDependency section */
		3120E954238D3FC000E7CF75 /* PBXTargetDependency */ = {
			isa = PBXTargetDependency;
			target = 3120E93D238D3FB900E7CF75 /* AVKitPlayer */;
			targetProxy = 3120E953238D3FC000E7CF75 /* PBXContainerItemProxy */;
		};
		3120E95F238D3FC000E7CF75 /* PBXTargetDependency */ = {
			isa = PBXTargetDependency;
			target = 3120E93D238D3FB900E7CF75 /* AVKitPlayer */;
			targetProxy = 3120E95E238D3FC000E7CF75 /* PBXContainerItemProxy */;
		};
/* End PBXTargetDependency section */

/* Begin PBXVariantGroup section */
		3120E945238D3FB900E7CF75 /* Main.storyboard */ = {
			isa = PBXVariantGroup;
			children = (
				3120E946238D3FB900E7CF75 /* Base */,
			);
			name = Main.storyboard;
			sourceTree = "<group>";
		};
		3120E94A238D3FC000E7CF75 /* LaunchScreen.storyboard */ = {
			isa = PBXVariantGroup;
			children = (
				3120E94B238D3FC000E7CF75 /* Base */,
			);
			name = LaunchScreen.storyboard;
			sourceTree = "<group>";
		};
/* End PBXVariantGroup section */

/* Begin XCBuildConfiguration section */
		3120E964238D3FC000E7CF75 /* Debug */ = {
			isa = XCBuildConfiguration;
			buildSettings = {
				ALWAYS_SEARCH_USER_PATHS = NO;
				CLANG_ANALYZER_NONNULL = YES;
				CLANG_ANALYZER_NUMBER_OBJECT_CONVERSION = YES_AGGRESSIVE;
				CLANG_CXX_LANGUAGE_STANDARD = "gnu++14";
				CLANG_CXX_LIBRARY = "libc++";
				CLANG_ENABLE_MODULES = YES;
				CLANG_ENABLE_OBJC_ARC = YES;
				CLANG_ENABLE_OBJC_WEAK = YES;
				CLANG_WARN_BLOCK_CAPTURE_AUTORELEASING = YES;
				CLANG_WARN_BOOL_CONVERSION = YES;
				CLANG_WARN_COMMA = YES;
				CLANG_WARN_CONSTANT_CONVERSION = YES;
				CLANG_WARN_DEPRECATED_OBJC_IMPLEMENTATIONS = YES;
				CLANG_WARN_DIRECT_OBJC_ISA_USAGE = YES_ERROR;
				CLANG_WARN_DOCUMENTATION_COMMENTS = YES;
				CLANG_WARN_EMPTY_BODY = YES;
				CLANG_WARN_ENUM_CONVERSION = YES;
				CLANG_WARN_INFINITE_RECURSION = YES;
				CLANG_WARN_INT_CONVERSION = YES;
				CLANG_WARN_NON_LITERAL_NULL_CONVERSION = YES;
				CLANG_WARN_OBJC_IMPLICIT_RETAIN_SELF = YES;
				CLANG_WARN_OBJC_LITERAL_CONVERSION = YES;
				CLANG_WARN_OBJC_ROOT_CLASS = YES_ERROR;
				CLANG_WARN_RANGE_LOOP_ANALYSIS = YES;
				CLANG_WARN_STRICT_PROTOTYPES = YES;
				CLANG_WARN_SUSPICIOUS_MOVE = YES;
				CLANG_WARN_UNGUARDED_AVAILABILITY = YES_AGGRESSIVE;
				CLANG_WARN_UNREACHABLE_CODE = YES;
				CLANG_WARN__DUPLICATE_METHOD_MATCH = YES;
				CODE_SIGN_IDENTITY = "iPhone Developer";
				COPY_PHASE_STRIP = NO;
				DEBUG_INFORMATION_FORMAT = dwarf;
				ENABLE_STRICT_OBJC_MSGSEND = YES;
				ENABLE_TESTABILITY = YES;
				GCC_C_LANGUAGE_STANDARD = gnu11;
				GCC_DYNAMIC_NO_PIC = NO;
				GCC_NO_COMMON_BLOCKS = YES;
				GCC_OPTIMIZATION_LEVEL = 0;
				GCC_PREPROCESSOR_DEFINITIONS = (
					"DEBUG=1",
					"$(inherited)",
				);
				GCC_WARN_64_TO_32_BIT_CONVERSION = YES;
				GCC_WARN_ABOUT_RETURN_TYPE = YES_ERROR;
				GCC_WARN_UNDECLARED_SELECTOR = YES;
				GCC_WARN_UNINITIALIZED_AUTOS = YES_AGGRESSIVE;
				GCC_WARN_UNUSED_FUNCTION = YES;
				GCC_WARN_UNUSED_VARIABLE = YES;
				IPHONEOS_DEPLOYMENT_TARGET = 12.1;
				MTL_ENABLE_DEBUG_INFO = INCLUDE_SOURCE;
				MTL_FAST_MATH = YES;
				ONLY_ACTIVE_ARCH = YES;
				SDKROOT = iphoneos;
				SWIFT_ACTIVE_COMPILATION_CONDITIONS = DEBUG;
				SWIFT_OPTIMIZATION_LEVEL = "-Onone";
			};
			name = Debug;
		};
		3120E965238D3FC000E7CF75 /* Release */ = {
			isa = XCBuildConfiguration;
			buildSettings = {
				ALWAYS_SEARCH_USER_PATHS = NO;
				CLANG_ANALYZER_NONNULL = YES;
				CLANG_ANALYZER_NUMBER_OBJECT_CONVERSION = YES_AGGRESSIVE;
				CLANG_CXX_LANGUAGE_STANDARD = "gnu++14";
				CLANG_CXX_LIBRARY = "libc++";
				CLANG_ENABLE_MODULES = YES;
				CLANG_ENABLE_OBJC_ARC = YES;
				CLANG_ENABLE_OBJC_WEAK = YES;
				CLANG_WARN_BLOCK_CAPTURE_AUTORELEASING = YES;
				CLANG_WARN_BOOL_CONVERSION = YES;
				CLANG_WARN_COMMA = YES;
				CLANG_WARN_CONSTANT_CONVERSION = YES;
				CLANG_WARN_DEPRECATED_OBJC_IMPLEMENTATIONS = YES;
				CLANG_WARN_DIRECT_OBJC_ISA_USAGE = YES_ERROR;
				CLANG_WARN_DOCUMENTATION_COMMENTS = YES;
				CLANG_WARN_EMPTY_BODY = YES;
				CLANG_WARN_ENUM_CONVERSION = YES;
				CLANG_WARN_INFINITE_RECURSION = YES;
				CLANG_WARN_INT_CONVERSION = YES;
				CLANG_WARN_NON_LITERAL_NULL_CONVERSION = YES;
				CLANG_WARN_OBJC_IMPLICIT_RETAIN_SELF = YES;
				CLANG_WARN_OBJC_LITERAL_CONVERSION = YES;
				CLANG_WARN_OBJC_ROOT_CLASS = YES_ERROR;
				CLANG_WARN_RANGE_LOOP_ANALYSIS = YES;
				CLANG_WARN_STRICT_PROTOTYPES = YES;
				CLANG_WARN_SUSPICIOUS_MOVE = YES;
				CLANG_WARN_UNGUARDED_AVAILABILITY = YES_AGGRESSIVE;
				CLANG_WARN_UNREACHABLE_CODE = YES;
				CLANG_WARN__DUPLICATE_METHOD_MATCH = YES;
				CODE_SIGN_IDENTITY = "iPhone Developer";
				COPY_PHASE_STRIP = NO;
				DEBUG_INFORMATION_FORMAT = "dwarf-with-dsym";
				ENABLE_NS_ASSERTIONS = NO;
				ENABLE_STRICT_OBJC_MSGSEND = YES;
				GCC_C_LANGUAGE_STANDARD = gnu11;
				GCC_NO_COMMON_BLOCKS = YES;
				GCC_WARN_64_TO_32_BIT_CONVERSION = YES;
				GCC_WARN_ABOUT_RETURN_TYPE = YES_ERROR;
				GCC_WARN_UNDECLARED_SELECTOR = YES;
				GCC_WARN_UNINITIALIZED_AUTOS = YES_AGGRESSIVE;
				GCC_WARN_UNUSED_FUNCTION = YES;
				GCC_WARN_UNUSED_VARIABLE = YES;
				IPHONEOS_DEPLOYMENT_TARGET = 12.1;
				MTL_ENABLE_DEBUG_INFO = NO;
				MTL_FAST_MATH = YES;
				SDKROOT = iphoneos;
				SWIFT_COMPILATION_MODE = wholemodule;
				SWIFT_OPTIMIZATION_LEVEL = "-O";
				VALIDATE_PRODUCT = YES;
			};
			name = Release;
		};
		3120E967238D3FC000E7CF75 /* Debug */ = {
			isa = XCBuildConfiguration;
			buildSettings = {
				ASSETCATALOG_COMPILER_APPICON_NAME = AppIcon;
				CODE_SIGN_STYLE = Automatic;
				INFOPLIST_FILE = AVKitPlayer/Info.plist;
				LD_RUNPATH_SEARCH_PATHS = (
					"$(inherited)",
					"@executable_path/Frameworks",
				);
				PRODUCT_BUNDLE_IDENTIFIER = shanth.AVKitPlayer;
				PRODUCT_NAME = "$(TARGET_NAME)";
				SWIFT_VERSION = 4.2;
				TARGETED_DEVICE_FAMILY = "1,2";
			};
			name = Debug;
		};
		3120E968238D3FC000E7CF75 /* Release */ = {
			isa = XCBuildConfiguration;
			buildSettings = {
				ASSETCATALOG_COMPILER_APPICON_NAME = AppIcon;
				CODE_SIGN_STYLE = Automatic;
				INFOPLIST_FILE = AVKitPlayer/Info.plist;
				LD_RUNPATH_SEARCH_PATHS = (
					"$(inherited)",
					"@executable_path/Frameworks",
				);
				PRODUCT_BUNDLE_IDENTIFIER = shanth.AVKitPlayer;
				PRODUCT_NAME = "$(TARGET_NAME)";
				SWIFT_VERSION = 4.2;
				TARGETED_DEVICE_FAMILY = "1,2";
			};
			name = Release;
		};
		3120E96A238D3FC000E7CF75 /* Debug */ = {
			isa = XCBuildConfiguration;
			buildSettings = {
				ALWAYS_EMBED_SWIFT_STANDARD_LIBRARIES = YES;
				BUNDLE_LOADER = "$(TEST_HOST)";
				CODE_SIGN_STYLE = Automatic;
				INFOPLIST_FILE = AVKitPlayerTests/Info.plist;
				LD_RUNPATH_SEARCH_PATHS = (
					"$(inherited)",
					"@executable_path/Frameworks",
					"@loader_path/Frameworks",
				);
				PRODUCT_BUNDLE_IDENTIFIER = shanth.AVKitPlayerTests;
				PRODUCT_NAME = "$(TARGET_NAME)";
				SWIFT_VERSION = 4.2;
				TARGETED_DEVICE_FAMILY = "1,2";
				TEST_HOST = "$(BUILT_PRODUCTS_DIR)/AVKitPlayer.app/AVKitPlayer";
			};
			name = Debug;
		};
		3120E96B238D3FC000E7CF75 /* Release */ = {
			isa = XCBuildConfiguration;
			buildSettings = {
				ALWAYS_EMBED_SWIFT_STANDARD_LIBRARIES = YES;
				BUNDLE_LOADER = "$(TEST_HOST)";
				CODE_SIGN_STYLE = Automatic;
				INFOPLIST_FILE = AVKitPlayerTests/Info.plist;
				LD_RUNPATH_SEARCH_PATHS = (
					"$(inherited)",
					"@executable_path/Frameworks",
					"@loader_path/Frameworks",
				);
				PRODUCT_BUNDLE_IDENTIFIER = shanth.AVKitPlayerTests;
				PRODUCT_NAME = "$(TARGET_NAME)";
				SWIFT_VERSION = 4.2;
				TARGETED_DEVICE_FAMILY = "1,2";
				TEST_HOST = "$(BUILT_PRODUCTS_DIR)/AVKitPlayer.app/AVKitPlayer";
			};
			name = Release;
		};
		3120E96D238D3FC000E7CF75 /* Debug */ = {
			isa = XCBuildConfiguration;
			buildSettings = {
				ALWAYS_EMBED_SWIFT_STANDARD_LIBRARIES = YES;
				CODE_SIGN_STYLE = Automatic;
				INFOPLIST_FILE = AVKitPlayerUITests/Info.plist;
				LD_RUNPATH_SEARCH_PATHS = (
					"$(inherited)",
					"@executable_path/Frameworks",
					"@loader_path/Frameworks",
				);
				PRODUCT_BUNDLE_IDENTIFIER = shanth.AVKitPlayerUITests;
				PRODUCT_NAME = "$(TARGET_NAME)";
				SWIFT_VERSION = 4.2;
				TARGETED_DEVICE_FAMILY = "1,2";
				TEST_TARGET_NAME = AVKitPlayer;
			};
			name = Debug;
		};
		3120E96E238D3FC000E7CF75 /* Release */ = {
			isa = XCBuildConfiguration;
			buildSettings = {
				ALWAYS_EMBED_SWIFT_STANDARD_LIBRARIES = YES;
				CODE_SIGN_STYLE = Automatic;
				INFOPLIST_FILE = AVKitPlayerUITests/Info.plist;
				LD_RUNPATH_SEARCH_PATHS = (
					"$(inherited)",
					"@executable_path/Frameworks",
					"@loader_path/Frameworks",
				);
				PRODUCT_BUNDLE_IDENTIFIER = shanth.AVKitPlayerUITests;
				PRODUCT_NAME = "$(TARGET_NAME)";
				SWIFT_VERSION = 4.2;
				TARGETED_DEVICE_FAMILY = "1,2";
				TEST_TARGET_NAME = AVKitPlayer;
			};
			name = Release;
		};
/* End XCBuildConfiguration section */

/* Begin XCConfigurationList section */
		3120E939238D3FB900E7CF75 /* Build configuration list for PBXProject "AVKitPlayer" */ = {
			isa = XCConfigurationList;
			buildConfigurations = (
				3120E964238D3FC000E7CF75 /* Debug */,
				3120E965238D3FC000E7CF75 /* Release */,
			);
			defaultConfigurationIsVisible = 0;
			defaultConfigurationName = Release;
		};
		3120E966238D3FC000E7CF75 /* Build configuration list for PBXNativeTarget "AVKitPlayer" */ = {
			isa = XCConfigurationList;
			buildConfigurations = (
				3120E967238D3FC000E7CF75 /* Debug */,
				3120E968238D3FC000E7CF75 /* Release */,
			);
			defaultConfigurationIsVisible = 0;
			defaultConfigurationName = Release;
		};
		3120E969238D3FC000E7CF75 /* Build configuration list for PBXNativeTarget "AVKitPlayerTests" */ = {
			isa = XCConfigurationList;
			buildConfigurations = (
				3120E96A238D3FC000E7CF75 /* Debug */,
				3120E96B238D3FC000E7CF75 /* Release */,
			);
			defaultConfigurationIsVisible = 0;
			defaultConfigurationName = Release;
		};
		3120E96C238D3FC000E7CF75 /* Build configuration list for PBXNativeTarget "AVKitPlayerUITests" */ = {
			isa = XCConfigurationList;
			buildConfigurations = (
				3120E96D238D3FC000E7CF75 /* Debug */,
				3120E96E238D3FC000E7CF75 /* Release */,
			);
			defaultConfigurationIsVisible = 0;
			defaultConfigurationName = Release;
		};
/* End XCConfigurationList section */
	};
	rootObject = 3120E936238D3FB900E7CF75 /* Project object */;
}
